
Microsoft Visual Studio Solution File, Format Version 12.00
# Visual Studio Version 17
VisualStudioVersion = 17.3.32825.248
MinimumVisualStudioVersion = 10.0.40219.1
Project("{9A19103F-16F7-4668-BE54-9A1E7A4F7556}") = "Final_Project", "Final_Project\Final_Project.csproj", "{12EE0486-218B-41FE-8707-49027D1BD1E0}"
EndProject
Global
	GlobalSection(SolutionConfigurationPlatforms) = preSolution
		Debug|Any CPU = Debug|Any CPU
		Release|Any CPU = Release|Any CPU
	EndGlobalSection
	GlobalSection(ProjectConfigurationPlatforms) = postSolution
		{12EE0486-218B-41FE-8707-49027D1BD1E0}.Debug|Any CPU.ActiveCfg = Debug|Any CPU
		{12EE0486-218B-41FE-8707-49027D1BD1E0}.Debug|Any CPU.Build.0 = Debug|Any CPU
		{12EE0486-218B-41FE-8707-49027D1BD1E0}.Release|Any CPU.ActiveCfg = Release|Any CPU
		{12EE0486-218B-41FE-8707-49027D1BD1E0}.Release|Any CPU.Build.0 = Release|Any CPU
	EndGlobalSection
	GlobalSection(SolutionProperties) = preSolution
		HideSolutionNode = FALSE
	EndGlobalSection
	GlobalSection(ExtensibilityGlobals) = postSolution
		SolutionGuid = {4E8921B5-8BCF-490E-893E-D2E68692B10D}
	EndGlobalSection
EndGlobal
